
Microsoft Visual Studio Solution File, Format Version 12.00
# Visual Studio 2013
VisualStudioVersion = 12.0.40629.0
MinimumVisualStudioVersion = 10.0.40219.1
Project("{2150E333-8FDC-42A3-9474-1A3956D46DE8}") = ".nuget", ".nuget", "{5EB73580-B910-4D32-A1FC-A83A7F20D5FA}"
	ProjectSection(SolutionItems) = preProject
		.nuget\packages.config = .nuget\packages.config
	EndProjectSection
EndProject
Project("{FAE04EC0-301F-11D3-BF4B-00C04F79EFBC}") = "Seq.Client.Log4Net", "src\Seq.Client.Log4Net\Seq.Client.Log4Net.csproj", "{CBDC0A30-5EC1-4DFE-AB0A-8CFC181B7DAB}"
EndProject
Project("{FAE04EC0-301F-11D3-BF4B-00C04F79EFBC}") = "SeqLog4NetExample", "example\SeqLog4NetExample\SeqLog4NetExample.csproj", "{EE667DA8-C6CD-4238-8AB0-DC438A8DAB16}"
EndProject
Project("{2150E333-8FDC-42A3-9474-1A3956D46DE8}") = "log4net", "log4net", "{50765ADD-1BED-452B-BC5A-4B1BFF527872}"
EndProject
Project("{2150E333-8FDC-42A3-9474-1A3956D46DE8}") = "Solution Items", "Solution Items", "{74B0B203-46C2-42CC-BE6B-25BBD68C90A7}"
	ProjectSection(SolutionItems) = preProject
		LICENSE = LICENSE
		README.md = README.md
	EndProjectSection
EndProject
Global
	GlobalSection(SolutionConfigurationPlatforms) = preSolution
		Debug|Any CPU = Debug|Any CPU
		Release|Any CPU = Release|Any CPU
	EndGlobalSection
	GlobalSection(ProjectConfigurationPlatforms) = postSolution
		{CBDC0A30-5EC1-4DFE-AB0A-8CFC181B7DAB}.Debug|Any CPU.ActiveCfg = Debug|Any CPU
		{CBDC0A30-5EC1-4DFE-AB0A-8CFC181B7DAB}.Debug|Any CPU.Build.0 = Debug|Any CPU
		{CBDC0A30-5EC1-4DFE-AB0A-8CFC181B7DAB}.Release|Any CPU.ActiveCfg = Release|Any CPU
		{CBDC0A30-5EC1-4DFE-AB0A-8CFC181B7DAB}.Release|Any CPU.Build.0 = Release|Any CPU
		{EE667DA8-C6CD-4238-8AB0-DC438A8DAB16}.Debug|Any CPU.ActiveCfg = Debug|Any CPU
		{EE667DA8-C6CD-4238-8AB0-DC438A8DAB16}.Debug|Any CPU.Build.0 = Debug|Any CPU
		{EE667DA8-C6CD-4238-8AB0-DC438A8DAB16}.Release|Any CPU.ActiveCfg = Release|Any CPU
		{EE667DA8-C6CD-4238-8AB0-DC438A8DAB16}.Release|Any CPU.Build.0 = Release|Any CPU
	EndGlobalSection
	GlobalSection(SolutionProperties) = preSolution
		HideSolutionNode = FALSE
	EndGlobalSection
	GlobalSection(NestedProjects) = preSolution
		{CBDC0A30-5EC1-4DFE-AB0A-8CFC181B7DAB} = {50765ADD-1BED-452B-BC5A-4B1BFF527872}
		{EE667DA8-C6CD-4238-8AB0-DC438A8DAB16} = {50765ADD-1BED-452B-BC5A-4B1BFF527872}
	EndGlobalSection
EndGlobal
